// !$*UTF8*$!
{
	archiveVersion = 1;
	classes = {
	};
	objectVersion = 46;
	objects = {

/* Begin PBXBuildFile section */
		31114C161C15B15700396AA8 /* JSON.swift in Sources */ = {isa = PBXBuildFile; fileRef = 31114C141C15B15700396AA8 /* JSON.swift */; };
		31114C171C15B15700396AA8 /* JSONError.swift in Sources */ = {isa = PBXBuildFile; fileRef = 31114C151C15B15700396AA8 /* JSONError.swift */; };
		31114C201C15B19000396AA8 /* TMDb.swift in Sources */ = {isa = PBXBuildFile; fileRef = 31114C1B1C15B19000396AA8 /* TMDb.swift */; };
		31114C211C15B19000396AA8 /* TMDbMovieItem.swift in Sources */ = {isa = PBXBuildFile; fileRef = 31114C1C1C15B19000396AA8 /* TMDbMovieItem.swift */; };
		31114C221C15B19000396AA8 /* TMDbMovieResource.swift in Sources */ = {isa = PBXBuildFile; fileRef = 31114C1D1C15B19000396AA8 /* TMDbMovieResource.swift */; };
		31114C231C15B19000396AA8 /* TMDbSearchItem.swift in Sources */ = {isa = PBXBuildFile; fileRef = 31114C1E1C15B19000396AA8 /* TMDbSearchItem.swift */; };
		31114C241C15B19000396AA8 /* TMDbSearchResource.swift in Sources */ = {isa = PBXBuildFile; fileRef = 31114C1F1C15B19000396AA8 /* TMDbSearchResource.swift */; };
		31114C361C15B1AF00396AA8 /* Itunes.swift in Sources */ = {isa = PBXBuildFile; fileRef = 31114C311C15B1AF00396AA8 /* Itunes.swift */; };
		31114C371C15B1AF00396AA8 /* ItunesAlbumItem.swift in Sources */ = {isa = PBXBuildFile; fileRef = 31114C321C15B1AF00396AA8 /* ItunesAlbumItem.swift */; };
		31114C381C15B1AF00396AA8 /* ItunesAlbumResource.swift in Sources */ = {isa = PBXBuildFile; fileRef = 31114C331C15B1AF00396AA8 /* ItunesAlbumResource.swift */; };
		31114C391C15B1AF00396AA8 /* ItunesSearchResource.swift in Sources */ = {isa = PBXBuildFile; fileRef = 31114C341C15B1AF00396AA8 /* ItunesSearchResource.swift */; };
		31114C3A1C15B1AF00396AA8 /* ItunesTrackItem.swift in Sources */ = {isa = PBXBuildFile; fileRef = 31114C351C15B1AF00396AA8 /* ItunesTrackItem.swift */; };
		31114C421C15B1C700396AA8 /* API.swift in Sources */ = {isa = PBXBuildFile; fileRef = 31114C3B1C15B1C700396AA8 /* API.swift */; };
		31114C431C15B1C700396AA8 /* APIResource.swift in Sources */ = {isa = PBXBuildFile; fileRef = 31114C3C1C15B1C700396AA8 /* APIResource.swift */; };
		31114C451C15B1C700396AA8 /* Request.swift in Sources */ = {isa = PBXBuildFile; fileRef = 31114C3E1C15B1C700396AA8 /* Request.swift */; };
		31114C461C15B1C700396AA8 /* Response.swift in Sources */ = {isa = PBXBuildFile; fileRef = 31114C3F1C15B1C700396AA8 /* Response.swift */; };
		31114C471C15B1C700396AA8 /* Result.swift in Sources */ = {isa = PBXBuildFile; fileRef = 31114C401C15B1C700396AA8 /* Result.swift */; };
		31114C481C15B1C700396AA8 /* URL.swift in Sources */ = {isa = PBXBuildFile; fileRef = 31114C411C15B1C700396AA8 /* URL.swift */; };
		31114C4A1C15FEC400396AA8 /* SearchAPI.swift in Sources */ = {isa = PBXBuildFile; fileRef = 31114C491C15FEC400396AA8 /* SearchAPI.swift */; };
		31114C4C1C15FFEE00396AA8 /* SearchAPIDelegate.swift in Sources */ = {isa = PBXBuildFile; fileRef = 31114C4B1C15FFEE00396AA8 /* SearchAPIDelegate.swift */; };
		315797E91C074F0B0007FAFC /* UIIconImageView.swift in Sources */ = {isa = PBXBuildFile; fileRef = 315797E61C074F0B0007FAFC /* UIIconImageView.swift */; };
		315797EA1C074F0B0007FAFC /* UIMarqueeLabel.swift in Sources */ = {isa = PBXBuildFile; fileRef = 315797E71C074F0B0007FAFC /* UIMarqueeLabel.swift */; };
		315797EB1C074F0B0007FAFC /* UIRatingView.swift in Sources */ = {isa = PBXBuildFile; fileRef = 315797E81C074F0B0007FAFC /* UIRatingView.swift */; };
		315797ED1C074F190007FAFC /* MovieDetailViewController.swift in Sources */ = {isa = PBXBuildFile; fileRef = 315797EC1C074F190007FAFC /* MovieDetailViewController.swift */; };
		315797EF1C075FC60007FAFC /* UIImageColors.swift in Sources */ = {isa = PBXBuildFile; fileRef = 315797EE1C075FC60007FAFC /* UIImageColors.swift */; };
		315D31521BFF4EA100E08C7D /* ManualEntryTableViewCell.swift in Sources */ = {isa = PBXBuildFile; fileRef = 315D31511BFF4EA100E08C7D /* ManualEntryTableViewCell.swift */; };
		31749C031BFDE7B400E76648 /* SearchTableViewController.swift in Sources */ = {isa = PBXBuildFile; fileRef = 31749C021BFDE7B400E76648 /* SearchTableViewController.swift */; };
		31749C051BFDF75600E76648 /* SearchEntryTableViewController.swift in Sources */ = {isa = PBXBuildFile; fileRef = 31749C041BFDF75600E76648 /* SearchEntryTableViewController.swift */; };
		317743701C1DA7AB00C44715 /* UIImageView.swift in Sources */ = {isa = PBXBuildFile; fileRef = 3177436F1C1DA7AB00C44715 /* UIImageView.swift */; };
		317743731C1DA8EE00C44715 /* AlbumAdapter.swift in Sources */ = {isa = PBXBuildFile; fileRef = 317743721C1DA8EE00C44715 /* AlbumAdapter.swift */; };
		317743751C1DA8F900C44715 /* MovieAdapter.swift in Sources */ = {isa = PBXBuildFile; fileRef = 317743741C1DA8F900C44715 /* MovieAdapter.swift */; };
		317743771C1DA90400C44715 /* KeyValueAdapter.swift in Sources */ = {isa = PBXBuildFile; fileRef = 317743761C1DA90400C44715 /* KeyValueAdapter.swift */; };
		317743791C1DAA7100C44715 /* GeneralDetailTableViewCell.swift in Sources */ = {isa = PBXBuildFile; fileRef = 317743781C1DAA7100C44715 /* GeneralDetailTableViewCell.swift */; };
		3177437B1C1DAAB200C44715 /* ColoredTableViewCell.swift in Sources */ = {isa = PBXBuildFile; fileRef = 3177437A1C1DAAB200C44715 /* ColoredTableViewCell.swift */; };
		3177437D1C1DAB1100C44715 /* ValueDetailCell.swift in Sources */ = {isa = PBXBuildFile; fileRef = 3177437C1C1DAB1100C44715 /* ValueDetailCell.swift */; };
		3177437F1C1DE3B200C44715 /* MediaRectangleTableViewCell.swift in Sources */ = {isa = PBXBuildFile; fileRef = 3177437E1C1DE3B200C44715 /* MediaRectangleTableViewCell.swift */; };
		318C2C311C0C8F29008AE6C4 /* UIStretchableTableView.swift in Sources */ = {isa = PBXBuildFile; fileRef = 318C2C301C0C8F29008AE6C4 /* UIStretchableTableView.swift */; };
		318C2C331C0CB5C8008AE6C4 /* FilterTableViewController.swift in Sources */ = {isa = PBXBuildFile; fileRef = 318C2C321C0CB5C8008AE6C4 /* FilterTableViewController.swift */; };
		31B842221BF3880D005429FA /* AppDelegate.swift in Sources */ = {isa = PBXBuildFile; fileRef = 31B842211BF3880D005429FA /* AppDelegate.swift */; };
		31B842271BF3880E005429FA /* Main.storyboard in Resources */ = {isa = PBXBuildFile; fileRef = 31B842251BF3880E005429FA /* Main.storyboard */; };
		31B8422A1BF3880E005429FA /* Collector.xcdatamodeld in Sources */ = {isa = PBXBuildFile; fileRef = 31B842281BF3880E005429FA /* Collector.xcdatamodeld */; };
		31B8422C1BF3880E005429FA /* Assets.xcassets in Resources */ = {isa = PBXBuildFile; fileRef = 31B8422B1BF3880E005429FA /* Assets.xcassets */; };
		31B8422F1BF3880E005429FA /* LaunchScreen.storyboard in Resources */ = {isa = PBXBuildFile; fileRef = 31B8422D1BF3880E005429FA /* LaunchScreen.storyboard */; };
		31B8423A1BF3880E005429FA /* CollectorTests.swift in Sources */ = {isa = PBXBuildFile; fileRef = 31B842391BF3880E005429FA /* CollectorTests.swift */; };
		31B842451BF3880E005429FA /* CollectorUITests.swift in Sources */ = {isa = PBXBuildFile; fileRef = 31B842441BF3880E005429FA /* CollectorUITests.swift */; };
		31D1A6361C16126C00AA02A8 /* SearchMovieEntryTableViewCell.swift in Sources */ = {isa = PBXBuildFile; fileRef = 31D1A6351C16126C00AA02A8 /* SearchMovieEntryTableViewCell.swift */; };
		31D1A6381C16127B00AA02A8 /* SearchMusicEntryTableViewCell.swift in Sources */ = {isa = PBXBuildFile; fileRef = 31D1A6371C16127B00AA02A8 /* SearchMusicEntryTableViewCell.swift */; };
		31E41FDF1C173380003976F9 /* UICachableTableViewCell.swift in Sources */ = {isa = PBXBuildFile; fileRef = 31E41FDE1C173380003976F9 /* UICachableTableViewCell.swift */; };
		31E41FE31C1751EA003976F9 /* UITableViewCachable.swift in Sources */ = {isa = PBXBuildFile; fileRef = 31E41FE21C1751EA003976F9 /* UITableViewCachable.swift */; };
		31E41FE91C185A88003976F9 /* WishListTableViewController.swift in Sources */ = {isa = PBXBuildFile; fileRef = 31E41FE81C185A88003976F9 /* WishListTableViewController.swift */; };
		31E41FEB1C185F7F003976F9 /* WishListBoxTableViewCell.swift in Sources */ = {isa = PBXBuildFile; fileRef = 31E41FEA1C185F7F003976F9 /* WishListBoxTableViewCell.swift */; };
		31E41FED1C186390003976F9 /* WishListRectangleTableViewCell.swift in Sources */ = {isa = PBXBuildFile; fileRef = 31E41FEC1C186390003976F9 /* WishListRectangleTableViewCell.swift */; };
		31E41FF71C19C8B1003976F9 /* TMDbConfigurationItem.swift in Sources */ = {isa = PBXBuildFile; fileRef = 31E41FF51C19C8B1003976F9 /* TMDbConfigurationItem.swift */; };
		31E41FF81C19C8B1003976F9 /* TMDbConfigurationResource.swift in Sources */ = {isa = PBXBuildFile; fileRef = 31E41FF61C19C8B1003976F9 /* TMDbConfigurationResource.swift */; };
		31E41FFA1C19D1BC003976F9 /* WishListItem.swift in Sources */ = {isa = PBXBuildFile; fileRef = 31E41FF91C19D1BC003976F9 /* WishListItem.swift */; };
		31EA349F1BFE4E4900D7F72B /* UIPickerTextField.swift in Sources */ = {isa = PBXBuildFile; fileRef = 31EA349E1BFE4E4900D7F72B /* UIPickerTextField.swift */; };
		AF300A781C0710E000BC57D9 /* Runtime.swift in Sources */ = {isa = PBXBuildFile; fileRef = AF300A771C0710E000BC57D9 /* Runtime.swift */; };
		AF300A7A1C07151200BC57D9 /* Movie.swift in Sources */ = {isa = PBXBuildFile; fileRef = AF300A791C07151200BC57D9 /* Movie.swift */; };
		AF300A7C1C07370E00BC57D9 /* Music.swift in Sources */ = {isa = PBXBuildFile; fileRef = AF300A7B1C07370E00BC57D9 /* Music.swift */; };
		AF300A7F1C0737E000BC57D9 /* Track.swift in Sources */ = {isa = PBXBuildFile; fileRef = AF300A7E1C0737E000BC57D9 /* Track.swift */; };
		AF300AA01C0C908300BC57D9 /* MovieStore.swift in Sources */ = {isa = PBXBuildFile; fileRef = AF300A9E1C0C908300BC57D9 /* MovieStore.swift */; };
		AF300AA61C0CBFA300BC57D9 /* Storage.swift in Sources */ = {isa = PBXBuildFile; fileRef = AF300AA51C0CBFA300BC57D9 /* Storage.swift */; };
		AF300AA91C0E3D8200BC57D9 /* ViewContext.swift in Sources */ = {isa = PBXBuildFile; fileRef = AF300AA81C0E3D8200BC57D9 /* ViewContext.swift */; };
		AF300AAD1C15D11A00BC57D9 /* MusicStore.swift in Sources */ = {isa = PBXBuildFile; fileRef = AF300AAB1C15D11A00BC57D9 /* MusicStore.swift */; };
		AF300AAF1C15D94100BC57D9 /* MusicHomeViewController.swift in Sources */ = {isa = PBXBuildFile; fileRef = AF300AAE1C15D94100BC57D9 /* MusicHomeViewController.swift */; };
		AF300AB11C16CA3D00BC57D9 /* TrackStore.swift in Sources */ = {isa = PBXBuildFile; fileRef = AF300AB01C16CA3D00BC57D9 /* TrackStore.swift */; };
		AF300AB31C16FF9000BC57D9 /* MusicDetailViewController.swift in Sources */ = {isa = PBXBuildFile; fileRef = AF300AB21C16FF9000BC57D9 /* MusicDetailViewController.swift */; };
		AF833FDB1C18AE9F003D6C0A /* WishListStore.swift in Sources */ = {isa = PBXBuildFile; fileRef = AF833FDA1C18AE9F003D6C0A /* WishListStore.swift */; };
		AF833FDD1C1961F1003D6C0A /* TracksTableViewCell.swift in Sources */ = {isa = PBXBuildFile; fileRef = AF833FDC1C1961F1003D6C0A /* TracksTableViewCell.swift */; };
		AF833FDF1C197DD2003D6C0A /* TrackTableViewCell.swift in Sources */ = {isa = PBXBuildFile; fileRef = AF833FDE1C197DD2003D6C0A /* TrackTableViewCell.swift */; };
		AFADF84D1BFC6F180024D9A4 /* MovieHomeScreenViewController.swift in Sources */ = {isa = PBXBuildFile; fileRef = AFADF84C1BFC6F180024D9A4 /* MovieHomeScreenViewController.swift */; };
		AFADF84F1BFC76E80024D9A4 /* Media.swift in Sources */ = {isa = PBXBuildFile; fileRef = AFADF84E1BFC76E80024D9A4 /* Media.swift */; };
		AFADF8511BFC77290024D9A4 /* MediaTableViewCell.swift in Sources */ = {isa = PBXBuildFile; fileRef = AFADF8501BFC77290024D9A4 /* MediaTableViewCell.swift */; };
		AFE9D7151BFE13EC009E5DAA /* ManualEntryTableViewController.swift in Sources */ = {isa = PBXBuildFile; fileRef = AFE9D7141BFE13EC009E5DAA /* ManualEntryTableViewController.swift */; };
		AFF229561BFC8CAF001181AC /* MediaCollectionViewCell.swift in Sources */ = {isa = PBXBuildFile; fileRef = AFF229551BFC8CAF001181AC /* MediaCollectionViewCell.swift */; };
		AFF229581BFCAFED001181AC /* MediaTableViewController.swift in Sources */ = {isa = PBXBuildFile; fileRef = AFF229571BFCAFED001181AC /* MediaTableViewController.swift */; };
		AFFC51C01BFDD03400DA5344 /* MediaDetailTableViewCell.swift in Sources */ = {isa = PBXBuildFile; fileRef = AFFC51BF1BFDD03400DA5344 /* MediaDetailTableViewCell.swift */; };
/* End PBXBuildFile section */

/* Begin PBXContainerItemProxy section */
		31B842361BF3880E005429FA /* PBXContainerItemProxy */ = {
			isa = PBXContainerItemProxy;
			containerPortal = 31B842161BF3880D005429FA /* Project object */;
			proxyType = 1;
			remoteGlobalIDString = 31B8421D1BF3880D005429FA;
			remoteInfo = Collector;
		};
		31B842411BF3880E005429FA /* PBXContainerItemProxy */ = {
			isa = PBXContainerItemProxy;
			containerPortal = 31B842161BF3880D005429FA /* Project object */;
			proxyType = 1;
			remoteGlobalIDString = 31B8421D1BF3880D005429FA;
			remoteInfo = Collector;
		};
/* End PBXContainerItemProxy section */

/* Begin PBXFileReference section */
		31114C141C15B15700396AA8 /* JSON.swift */ = {isa = PBXFileReference; fileEncoding = 4; lastKnownFileType = sourcecode.swift; name = JSON.swift; path = JSON/JSON.swift; sourceTree = "<group>"; };
		31114C151C15B15700396AA8 /* JSONError.swift */ = {isa = PBXFileReference; fileEncoding = 4; lastKnownFileType = sourcecode.swift; name = JSONError.swift; path = JSON/JSONError.swift; sourceTree = "<group>"; };
		31114C1B1C15B19000396AA8 /* TMDb.swift */ = {isa = PBXFileReference; fileEncoding = 4; lastKnownFileType = sourcecode.swift; name = TMDb.swift; path = API/TMDb/TMDb.swift; sourceTree = "<group>"; };
		31114C1C1C15B19000396AA8 /* TMDbMovieItem.swift */ = {isa = PBXFileReference; fileEncoding = 4; lastKnownFileType = sourcecode.swift; name = TMDbMovieItem.swift; path = API/TMDb/TMDbMovieItem.swift; sourceTree = "<group>"; };
		31114C1D1C15B19000396AA8 /* TMDbMovieResource.swift */ = {isa = PBXFileReference; fileEncoding = 4; lastKnownFileType = sourcecode.swift; name = TMDbMovieResource.swift; path = API/TMDb/TMDbMovieResource.swift; sourceTree = "<group>"; };
		31114C1E1C15B19000396AA8 /* TMDbSearchItem.swift */ = {isa = PBXFileReference; fileEncoding = 4; lastKnownFileType = sourcecode.swift; name = TMDbSearchItem.swift; path = API/TMDb/TMDbSearchItem.swift; sourceTree = "<group>"; };
		31114C1F1C15B19000396AA8 /* TMDbSearchResource.swift */ = {isa = PBXFileReference; fileEncoding = 4; lastKnownFileType = sourcecode.swift; name = TMDbSearchResource.swift; path = API/TMDb/TMDbSearchResource.swift; sourceTree = "<group>"; };
		31114C311C15B1AF00396AA8 /* Itunes.swift */ = {isa = PBXFileReference; fileEncoding = 4; lastKnownFileType = sourcecode.swift; name = Itunes.swift; path = API/iTunes/Itunes.swift; sourceTree = "<group>"; };
		31114C321C15B1AF00396AA8 /* ItunesAlbumItem.swift */ = {isa = PBXFileReference; fileEncoding = 4; lastKnownFileType = sourcecode.swift; name = ItunesAlbumItem.swift; path = API/iTunes/ItunesAlbumItem.swift; sourceTree = "<group>"; };
		31114C331C15B1AF00396AA8 /* ItunesAlbumResource.swift */ = {isa = PBXFileReference; fileEncoding = 4; lastKnownFileType = sourcecode.swift; name = ItunesAlbumResource.swift; path = API/iTunes/ItunesAlbumResource.swift; sourceTree = "<group>"; };
		31114C341C15B1AF00396AA8 /* ItunesSearchResource.swift */ = {isa = PBXFileReference; fileEncoding = 4; lastKnownFileType = sourcecode.swift; name = ItunesSearchResource.swift; path = API/iTunes/ItunesSearchResource.swift; sourceTree = "<group>"; };
		31114C351C15B1AF00396AA8 /* ItunesTrackItem.swift */ = {isa = PBXFileReference; fileEncoding = 4; lastKnownFileType = sourcecode.swift; name = ItunesTrackItem.swift; path = API/iTunes/ItunesTrackItem.swift; sourceTree = "<group>"; };
		31114C3B1C15B1C700396AA8 /* API.swift */ = {isa = PBXFileReference; fileEncoding = 4; lastKnownFileType = sourcecode.swift; name = API.swift; path = API/API.swift; sourceTree = "<group>"; };
		31114C3C1C15B1C700396AA8 /* APIResource.swift */ = {isa = PBXFileReference; fileEncoding = 4; lastKnownFileType = sourcecode.swift; name = APIResource.swift; path = API/APIResource.swift; sourceTree = "<group>"; };
		31114C3D1C15B1C700396AA8 /* README.md */ = {isa = PBXFileReference; fileEncoding = 4; lastKnownFileType = net.daringfireball.markdown; name = README.md; path = API/README.md; sourceTree = "<group>"; };
		31114C3E1C15B1C700396AA8 /* Request.swift */ = {isa = PBXFileReference; fileEncoding = 4; lastKnownFileType = sourcecode.swift; name = Request.swift; path = API/Request.swift; sourceTree = "<group>"; };
		31114C3F1C15B1C700396AA8 /* Response.swift */ = {isa = PBXFileReference; fileEncoding = 4; lastKnownFileType = sourcecode.swift; name = Response.swift; path = API/Response.swift; sourceTree = "<group>"; };
		31114C401C15B1C700396AA8 /* Result.swift */ = {isa = PBXFileReference; fileEncoding = 4; lastKnownFileType = sourcecode.swift; name = Result.swift; path = API/Result.swift; sourceTree = "<group>"; };
		31114C411C15B1C700396AA8 /* URL.swift */ = {isa = PBXFileReference; fileEncoding = 4; lastKnownFileType = sourcecode.swift; name = URL.swift; path = API/URL.swift; sourceTree = "<group>"; };
		31114C491C15FEC400396AA8 /* SearchAPI.swift */ = {isa = PBXFileReference; fileEncoding = 4; lastKnownFileType = sourcecode.swift; path = SearchAPI.swift; sourceTree = "<group>"; };
		31114C4B1C15FFEE00396AA8 /* SearchAPIDelegate.swift */ = {isa = PBXFileReference; fileEncoding = 4; lastKnownFileType = sourcecode.swift; path = SearchAPIDelegate.swift; sourceTree = "<group>"; };
		315797E61C074F0B0007FAFC /* UIIconImageView.swift */ = {isa = PBXFileReference; fileEncoding = 4; lastKnownFileType = sourcecode.swift; path = UIIconImageView.swift; sourceTree = "<group>"; };
		315797E71C074F0B0007FAFC /* UIMarqueeLabel.swift */ = {isa = PBXFileReference; fileEncoding = 4; lastKnownFileType = sourcecode.swift; path = UIMarqueeLabel.swift; sourceTree = "<group>"; };
		315797E81C074F0B0007FAFC /* UIRatingView.swift */ = {isa = PBXFileReference; fileEncoding = 4; lastKnownFileType = sourcecode.swift; path = UIRatingView.swift; sourceTree = "<group>"; };
		315797EC1C074F190007FAFC /* MovieDetailViewController.swift */ = {isa = PBXFileReference; fileEncoding = 4; lastKnownFileType = sourcecode.swift; path = MovieDetailViewController.swift; sourceTree = "<group>"; };
		315797EE1C075FC60007FAFC /* UIImageColors.swift */ = {isa = PBXFileReference; fileEncoding = 4; lastKnownFileType = sourcecode.swift; path = UIImageColors.swift; sourceTree = "<group>"; };
		315D31511BFF4EA100E08C7D /* ManualEntryTableViewCell.swift */ = {isa = PBXFileReference; fileEncoding = 4; lastKnownFileType = sourcecode.swift; path = ManualEntryTableViewCell.swift; sourceTree = "<group>"; };
		31749C021BFDE7B400E76648 /* SearchTableViewController.swift */ = {isa = PBXFileReference; fileEncoding = 4; lastKnownFileType = sourcecode.swift; path = SearchTableViewController.swift; sourceTree = "<group>"; };
		31749C041BFDF75600E76648 /* SearchEntryTableViewController.swift */ = {isa = PBXFileReference; fileEncoding = 4; lastKnownFileType = sourcecode.swift; path = SearchEntryTableViewController.swift; sourceTree = "<group>"; };
		3177436F1C1DA7AB00C44715 /* UIImageView.swift */ = {isa = PBXFileReference; fileEncoding = 4; lastKnownFileType = sourcecode.swift; path = UIImageView.swift; sourceTree = "<group>"; };
		317743721C1DA8EE00C44715 /* AlbumAdapter.swift */ = {isa = PBXFileReference; fileEncoding = 4; lastKnownFileType = sourcecode.swift; path = AlbumAdapter.swift; sourceTree = "<group>"; };
		317743741C1DA8F900C44715 /* MovieAdapter.swift */ = {isa = PBXFileReference; fileEncoding = 4; lastKnownFileType = sourcecode.swift; path = MovieAdapter.swift; sourceTree = "<group>"; };
		317743761C1DA90400C44715 /* KeyValueAdapter.swift */ = {isa = PBXFileReference; fileEncoding = 4; lastKnownFileType = sourcecode.swift; path = KeyValueAdapter.swift; sourceTree = "<group>"; };
		317743781C1DAA7100C44715 /* GeneralDetailTableViewCell.swift */ = {isa = PBXFileReference; fileEncoding = 4; lastKnownFileType = sourcecode.swift; path = GeneralDetailTableViewCell.swift; sourceTree = "<group>"; };
		3177437A1C1DAAB200C44715 /* ColoredTableViewCell.swift */ = {isa = PBXFileReference; fileEncoding = 4; lastKnownFileType = sourcecode.swift; path = ColoredTableViewCell.swift; sourceTree = "<group>"; };
		3177437C1C1DAB1100C44715 /* ValueDetailCell.swift */ = {isa = PBXFileReference; fileEncoding = 4; lastKnownFileType = sourcecode.swift; path = ValueDetailCell.swift; sourceTree = "<group>"; };
		3177437E1C1DE3B200C44715 /* MediaRectangleTableViewCell.swift */ = {isa = PBXFileReference; fileEncoding = 4; lastKnownFileType = sourcecode.swift; path = MediaRectangleTableViewCell.swift; sourceTree = "<group>"; };
		318C2C301C0C8F29008AE6C4 /* UIStretchableTableView.swift */ = {isa = PBXFileReference; fileEncoding = 4; lastKnownFileType = sourcecode.swift; path = UIStretchableTableView.swift; sourceTree = "<group>"; };
		318C2C321C0CB5C8008AE6C4 /* FilterTableViewController.swift */ = {isa = PBXFileReference; fileEncoding = 4; lastKnownFileType = sourcecode.swift; path = FilterTableViewController.swift; sourceTree = "<group>"; };
		31B8421E1BF3880D005429FA /* Collector.app */ = {isa = PBXFileReference; explicitFileType = wrapper.application; includeInIndex = 0; path = Collector.app; sourceTree = BUILT_PRODUCTS_DIR; };
		31B842211BF3880D005429FA /* AppDelegate.swift */ = {isa = PBXFileReference; lastKnownFileType = sourcecode.swift; path = AppDelegate.swift; sourceTree = "<group>"; };
		31B842261BF3880E005429FA /* Base */ = {isa = PBXFileReference; lastKnownFileType = file.storyboard; name = Base; path = Base.lproj/Main.storyboard; sourceTree = "<group>"; };
		31B842291BF3880E005429FA /* Collector.xcdatamodel */ = {isa = PBXFileReference; lastKnownFileType = wrapper.xcdatamodel; path = Collector.xcdatamodel; sourceTree = "<group>"; };
		31B8422B1BF3880E005429FA /* Assets.xcassets */ = {isa = PBXFileReference; lastKnownFileType = folder.assetcatalog; path = Assets.xcassets; sourceTree = "<group>"; };
		31B8422E1BF3880E005429FA /* Base */ = {isa = PBXFileReference; lastKnownFileType = file.storyboard; name = Base; path = Base.lproj/LaunchScreen.storyboard; sourceTree = "<group>"; };
		31B842301BF3880E005429FA /* Info.plist */ = {isa = PBXFileReference; lastKnownFileType = text.plist.xml; path = Info.plist; sourceTree = "<group>"; };
		31B842351BF3880E005429FA /* CollectorTests.xctest */ = {isa = PBXFileReference; explicitFileType = wrapper.cfbundle; includeInIndex = 0; path = CollectorTests.xctest; sourceTree = BUILT_PRODUCTS_DIR; };
		31B842391BF3880E005429FA /* CollectorTests.swift */ = {isa = PBXFileReference; lastKnownFileType = sourcecode.swift; path = CollectorTests.swift; sourceTree = "<group>"; };
		31B8423B1BF3880E005429FA /* Info.plist */ = {isa = PBXFileReference; lastKnownFileType = text.plist.xml; path = Info.plist; sourceTree = "<group>"; };
		31B842401BF3880E005429FA /* CollectorUITests.xctest */ = {isa = PBXFileReference; explicitFileType = wrapper.cfbundle; includeInIndex = 0; path = CollectorUITests.xctest; sourceTree = BUILT_PRODUCTS_DIR; };
		31B842441BF3880E005429FA /* CollectorUITests.swift */ = {isa = PBXFileReference; lastKnownFileType = sourcecode.swift; path = CollectorUITests.swift; sourceTree = "<group>"; };
		31B842461BF3880E005429FA /* Info.plist */ = {isa = PBXFileReference; lastKnownFileType = text.plist.xml; path = Info.plist; sourceTree = "<group>"; };
		31D1A6351C16126C00AA02A8 /* SearchMovieEntryTableViewCell.swift */ = {isa = PBXFileReference; fileEncoding = 4; lastKnownFileType = sourcecode.swift; path = SearchMovieEntryTableViewCell.swift; sourceTree = "<group>"; };
		31D1A6371C16127B00AA02A8 /* SearchMusicEntryTableViewCell.swift */ = {isa = PBXFileReference; fileEncoding = 4; lastKnownFileType = sourcecode.swift; path = SearchMusicEntryTableViewCell.swift; sourceTree = "<group>"; };
		31E41FDE1C173380003976F9 /* UICachableTableViewCell.swift */ = {isa = PBXFileReference; fileEncoding = 4; lastKnownFileType = sourcecode.swift; path = UICachableTableViewCell.swift; sourceTree = "<group>"; };
		31E41FE21C1751EA003976F9 /* UITableViewCachable.swift */ = {isa = PBXFileReference; fileEncoding = 4; lastKnownFileType = sourcecode.swift; path = UITableViewCachable.swift; sourceTree = "<group>"; };
		31E41FE81C185A88003976F9 /* WishListTableViewController.swift */ = {isa = PBXFileReference; fileEncoding = 4; lastKnownFileType = sourcecode.swift; path = WishListTableViewController.swift; sourceTree = "<group>"; };
		31E41FEA1C185F7F003976F9 /* WishListBoxTableViewCell.swift */ = {isa = PBXFileReference; fileEncoding = 4; lastKnownFileType = sourcecode.swift; path = WishListBoxTableViewCell.swift; sourceTree = "<group>"; };
		31E41FEC1C186390003976F9 /* WishListRectangleTableViewCell.swift */ = {isa = PBXFileReference; fileEncoding = 4; lastKnownFileType = sourcecode.swift; path = WishListRectangleTableViewCell.swift; sourceTree = "<group>"; };
		31E41FF51C19C8B1003976F9 /* TMDbConfigurationItem.swift */ = {isa = PBXFileReference; fileEncoding = 4; lastKnownFileType = sourcecode.swift; name = TMDbConfigurationItem.swift; path = API/TMDb/TMDbConfigurationItem.swift; sourceTree = "<group>"; };
		31E41FF61C19C8B1003976F9 /* TMDbConfigurationResource.swift */ = {isa = PBXFileReference; fileEncoding = 4; lastKnownFileType = sourcecode.swift; name = TMDbConfigurationResource.swift; path = API/TMDb/TMDbConfigurationResource.swift; sourceTree = "<group>"; };
		31E41FF91C19D1BC003976F9 /* WishListItem.swift */ = {isa = PBXFileReference; fileEncoding = 4; lastKnownFileType = sourcecode.swift; path = WishListItem.swift; sourceTree = "<group>"; };
		31EA349E1BFE4E4900D7F72B /* UIPickerTextField.swift */ = {isa = PBXFileReference; fileEncoding = 4; lastKnownFileType = sourcecode.swift; path = UIPickerTextField.swift; sourceTree = "<group>"; };
		AF300A771C0710E000BC57D9 /* Runtime.swift */ = {isa = PBXFileReference; fileEncoding = 4; lastKnownFileType = sourcecode.swift; path = Runtime.swift; sourceTree = "<group>"; };
		AF300A791C07151200BC57D9 /* Movie.swift */ = {isa = PBXFileReference; fileEncoding = 4; lastKnownFileType = sourcecode.swift; path = Movie.swift; sourceTree = "<group>"; };
		AF300A7B1C07370E00BC57D9 /* Music.swift */ = {isa = PBXFileReference; fileEncoding = 4; lastKnownFileType = sourcecode.swift; path = Music.swift; sourceTree = "<group>"; };
		AF300A7E1C0737E000BC57D9 /* Track.swift */ = {isa = PBXFileReference; fileEncoding = 4; lastKnownFileType = sourcecode.swift; path = Track.swift; sourceTree = "<group>"; };
		AF300A9E1C0C908300BC57D9 /* MovieStore.swift */ = {isa = PBXFileReference; fileEncoding = 4; lastKnownFileType = sourcecode.swift; name = MovieStore.swift; path = ../MovieStore.swift; sourceTree = "<group>"; };
		AF300AA51C0CBFA300BC57D9 /* Storage.swift */ = {isa = PBXFileReference; fileEncoding = 4; lastKnownFileType = sourcecode.swift; path = Storage.swift; sourceTree = "<group>"; xcLanguageSpecificationIdentifier = xcode.lang.swift; };
		AF300AA81C0E3D8200BC57D9 /* ViewContext.swift */ = {isa = PBXFileReference; fileEncoding = 4; lastKnownFileType = sourcecode.swift; path = ViewContext.swift; sourceTree = "<group>"; };
		AF300AAB1C15D11A00BC57D9 /* MusicStore.swift */ = {isa = PBXFileReference; fileEncoding = 4; lastKnownFileType = sourcecode.swift; name = MusicStore.swift; path = ../MusicStore.swift; sourceTree = "<group>"; };
		AF300AAE1C15D94100BC57D9 /* MusicHomeViewController.swift */ = {isa = PBXFileReference; fileEncoding = 4; lastKnownFileType = sourcecode.swift; path = MusicHomeViewController.swift; sourceTree = "<group>"; };
		AF300AB01C16CA3D00BC57D9 /* TrackStore.swift */ = {isa = PBXFileReference; fileEncoding = 4; lastKnownFileType = sourcecode.swift; path = TrackStore.swift; sourceTree = "<group>"; };
		AF300AB21C16FF9000BC57D9 /* MusicDetailViewController.swift */ = {isa = PBXFileReference; fileEncoding = 4; lastKnownFileType = sourcecode.swift; path = MusicDetailViewController.swift; sourceTree = "<group>"; };
		AF833FDA1C18AE9F003D6C0A /* WishListStore.swift */ = {isa = PBXFileReference; fileEncoding = 4; lastKnownFileType = sourcecode.swift; path = WishListStore.swift; sourceTree = "<group>"; };
		AF833FDC1C1961F1003D6C0A /* TracksTableViewCell.swift */ = {isa = PBXFileReference; fileEncoding = 4; lastKnownFileType = sourcecode.swift; path = TracksTableViewCell.swift; sourceTree = "<group>"; };
		AF833FDE1C197DD2003D6C0A /* TrackTableViewCell.swift */ = {isa = PBXFileReference; fileEncoding = 4; lastKnownFileType = sourcecode.swift; path = TrackTableViewCell.swift; sourceTree = "<group>"; };
		AFADF84C1BFC6F180024D9A4 /* MovieHomeScreenViewController.swift */ = {isa = PBXFileReference; fileEncoding = 4; lastKnownFileType = sourcecode.swift; path = MovieHomeScreenViewController.swift; sourceTree = "<group>"; };
		AFADF84E1BFC76E80024D9A4 /* Media.swift */ = {isa = PBXFileReference; fileEncoding = 4; lastKnownFileType = sourcecode.swift; path = Media.swift; sourceTree = "<group>"; };
		AFADF8501BFC77290024D9A4 /* MediaTableViewCell.swift */ = {isa = PBXFileReference; fileEncoding = 4; lastKnownFileType = sourcecode.swift; path = MediaTableViewCell.swift; sourceTree = "<group>"; };
		AFE9D7141BFE13EC009E5DAA /* ManualEntryTableViewController.swift */ = {isa = PBXFileReference; fileEncoding = 4; lastKnownFileType = sourcecode.swift; path = ManualEntryTableViewController.swift; sourceTree = "<group>"; };
		AFF229551BFC8CAF001181AC /* MediaCollectionViewCell.swift */ = {isa = PBXFileReference; fileEncoding = 4; lastKnownFileType = sourcecode.swift; path = MediaCollectionViewCell.swift; sourceTree = "<group>"; };
		AFF229571BFCAFED001181AC /* MediaTableViewController.swift */ = {isa = PBXFileReference; fileEncoding = 4; lastKnownFileType = sourcecode.swift; path = MediaTableViewController.swift; sourceTree = "<group>"; };
		AFFC51BF1BFDD03400DA5344 /* MediaDetailTableViewCell.swift */ = {isa = PBXFileReference; fileEncoding = 4; lastKnownFileType = sourcecode.swift; path = MediaDetailTableViewCell.swift; sourceTree = "<group>"; };
/* End PBXFileReference section */

/* Begin PBXFrameworksBuildPhase section */
		31B8421B1BF3880D005429FA /* Frameworks */ = {
			isa = PBXFrameworksBuildPhase;
			buildActionMask = 2147483647;
			files = (
			);
			runOnlyForDeploymentPostprocessing = 0;
		};
		31B842321BF3880E005429FA /* Frameworks */ = {
			isa = PBXFrameworksBuildPhase;
			buildActionMask = 2147483647;
			files = (
			);
			runOnlyForDeploymentPostprocessing = 0;
		};
		31B8423D1BF3880E005429FA /* Frameworks */ = {
			isa = PBXFrameworksBuildPhase;
			buildActionMask = 2147483647;
			files = (
			);
			runOnlyForDeploymentPostprocessing = 0;
		};
/* End PBXFrameworksBuildPhase section */

/* Begin PBXGroup section */
		31114C111C15B13C00396AA8 /* Libraries */ = {
			isa = PBXGroup;
			children = (
				31114C131C15B14800396AA8 /* JSON */,
				31114C121C15B14200396AA8 /* API */,
			);
			name = Libraries;
			sourceTree = "<group>";
		};
		31114C121C15B14200396AA8 /* API */ = {
			isa = PBXGroup;
			children = (
				31114C3B1C15B1C700396AA8 /* API.swift */,
				31114C3C1C15B1C700396AA8 /* APIResource.swift */,
				31114C3D1C15B1C700396AA8 /* README.md */,
				31114C3E1C15B1C700396AA8 /* Request.swift */,
				31114C3F1C15B1C700396AA8 /* Response.swift */,
				31114C401C15B1C700396AA8 /* Result.swift */,
				31114C411C15B1C700396AA8 /* URL.swift */,
				31114C1A1C15B16700396AA8 /* iTunes */,
				31114C181C15B15C00396AA8 /* TMDb */,
			);
			name = API;
			sourceTree = "<group>";
		};
		31114C131C15B14800396AA8 /* JSON */ = {
			isa = PBXGroup;
			children = (
				31114C141C15B15700396AA8 /* JSON.swift */,
				31114C151C15B15700396AA8 /* JSONError.swift */,
			);
			name = JSON;
			sourceTree = "<group>";
		};
		31114C181C15B15C00396AA8 /* TMDb */ = {
			isa = PBXGroup;
			children = (
				31E41FF51C19C8B1003976F9 /* TMDbConfigurationItem.swift */,
				31E41FF61C19C8B1003976F9 /* TMDbConfigurationResource.swift */,
				31114C1B1C15B19000396AA8 /* TMDb.swift */,
				31114C1C1C15B19000396AA8 /* TMDbMovieItem.swift */,
				31114C1D1C15B19000396AA8 /* TMDbMovieResource.swift */,
				31114C1E1C15B19000396AA8 /* TMDbSearchItem.swift */,
				31114C1F1C15B19000396AA8 /* TMDbSearchResource.swift */,
			);
			name = TMDb;
			sourceTree = "<group>";
		};
		31114C1A1C15B16700396AA8 /* iTunes */ = {
			isa = PBXGroup;
			children = (
				31114C311C15B1AF00396AA8 /* Itunes.swift */,
				31114C321C15B1AF00396AA8 /* ItunesAlbumItem.swift */,
				31114C331C15B1AF00396AA8 /* ItunesAlbumResource.swift */,
				31114C341C15B1AF00396AA8 /* ItunesSearchResource.swift */,
				31114C351C15B1AF00396AA8 /* ItunesTrackItem.swift */,
			);
			name = iTunes;
			sourceTree = "<group>";
		};
		3177436E1C1DA77800C44715 /* Extensions */ = {
			isa = PBXGroup;
			children = (
				3177436F1C1DA7AB00C44715 /* UIImageView.swift */,
			);
			name = Extensions;
			sourceTree = "<group>";
		};
		317743711C1DA8DF00C44715 /* Adapters */ = {
			isa = PBXGroup;
			children = (
				317743721C1DA8EE00C44715 /* AlbumAdapter.swift */,
				317743741C1DA8F900C44715 /* MovieAdapter.swift */,
				317743761C1DA90400C44715 /* KeyValueAdapter.swift */,
			);
			name = Adapters;
			sourceTree = "<group>";
		};
		31B842151BF3880D005429FA = {
			isa = PBXGroup;
			children = (
				31B842201BF3880D005429FA /* Collector */,
				31B842381BF3880E005429FA /* CollectorTests */,
				31B842431BF3880E005429FA /* CollectorUITests */,
				31B8421F1BF3880D005429FA /* Products */,
			);
			sourceTree = "<group>";
		};
		31B8421F1BF3880D005429FA /* Products */ = {
			isa = PBXGroup;
			children = (
				31B8421E1BF3880D005429FA /* Collector.app */,
				31B842351BF3880E005429FA /* CollectorTests.xctest */,
				31B842401BF3880E005429FA /* CollectorUITests.xctest */,
			);
			name = Products;
			sourceTree = "<group>";
		};
		31B842201BF3880D005429FA /* Collector */ = {
			isa = PBXGroup;
			children = (
				317743711C1DA8DF00C44715 /* Adapters */,
				3177436E1C1DA77800C44715 /* Extensions */,
				31114C111C15B13C00396AA8 /* Libraries */,
				AF300AA71C0E3D6A00BC57D9 /* Protocols */,
				31EA349D1BFE4E1600D7F72B /* UIElements */,
				AFFC51BD1BFDC31A00DA5344 /* Models */,
				AFFC51BE1BFDC33600DA5344 /* Controllers */,
				AFFC51BC1BFDC2EF00DA5344 /* Cells */,
				31B842211BF3880D005429FA /* AppDelegate.swift */,
				31B842251BF3880E005429FA /* Main.storyboard */,
				31B8422B1BF3880E005429FA /* Assets.xcassets */,
				31B8422D1BF3880E005429FA /* LaunchScreen.storyboard */,
				31B842301BF3880E005429FA /* Info.plist */,
				31B842281BF3880E005429FA /* Collector.xcdatamodeld */,
			);
			path = Collector;
			sourceTree = "<group>";
		};
		31B842381BF3880E005429FA /* CollectorTests */ = {
			isa = PBXGroup;
			children = (
				31B842391BF3880E005429FA /* CollectorTests.swift */,
				31B8423B1BF3880E005429FA /* Info.plist */,
			);
			path = CollectorTests;
			sourceTree = "<group>";
		};
		31B842431BF3880E005429FA /* CollectorUITests */ = {
			isa = PBXGroup;
			children = (
				31B842441BF3880E005429FA /* CollectorUITests.swift */,
				31B842461BF3880E005429FA /* Info.plist */,
			);
			path = CollectorUITests;
			sourceTree = "<group>";
		};
		31EA349D1BFE4E1600D7F72B /* UIElements */ = {
			isa = PBXGroup;
			children = (
				31E41FDE1C173380003976F9 /* UICachableTableViewCell.swift */,
				315797E61C074F0B0007FAFC /* UIIconImageView.swift */,
				315797E71C074F0B0007FAFC /* UIMarqueeLabel.swift */,
				315797E81C074F0B0007FAFC /* UIRatingView.swift */,
				31EA349E1BFE4E4900D7F72B /* UIPickerTextField.swift */,
				315797EE1C075FC60007FAFC /* UIImageColors.swift */,
				318C2C301C0C8F29008AE6C4 /* UIStretchableTableView.swift */,
			);
			name = UIElements;
			sourceTree = "<group>";
		};
		AF300A7D1C0737CD00BC57D9 /* Music */ = {
			isa = PBXGroup;
			children = (
				AF300A7B1C07370E00BC57D9 /* Music.swift */,
				AF300A7E1C0737E000BC57D9 /* Track.swift */,
			);
			name = Music;
			sourceTree = "<group>";
		};
		AF300A801C07577800BC57D9 /* Storage */ = {
			isa = PBXGroup;
			children = (
				AF300AAB1C15D11A00BC57D9 /* MusicStore.swift */,
				AF300A9E1C0C908300BC57D9 /* MovieStore.swift */,
				AF300AB01C16CA3D00BC57D9 /* TrackStore.swift */,
				AF300AA51C0CBFA300BC57D9 /* Storage.swift */,
				AF833FDA1C18AE9F003D6C0A /* WishListStore.swift */,
			);
			name = Storage;
			sourceTree = "<group>";
		};
		AF300AA71C0E3D6A00BC57D9 /* Protocols */ = {
			isa = PBXGroup;
			children = (
				AF300AA81C0E3D8200BC57D9 /* ViewContext.swift */,
				31114C4B1C15FFEE00396AA8 /* SearchAPIDelegate.swift */,
				31E41FE21C1751EA003976F9 /* UITableViewCachable.swift */,
			);
			name = Protocols;
			sourceTree = "<group>";
		};
		AFFC51BC1BFDC2EF00DA5344 /* Cells */ = {
			isa = PBXGroup;
			children = (
				3177437A1C1DAAB200C44715 /* ColoredTableViewCell.swift */,
				AFADF8501BFC77290024D9A4 /* MediaTableViewCell.swift */,
				AFF229551BFC8CAF001181AC /* MediaCollectionViewCell.swift */,
				AFFC51BF1BFDD03400DA5344 /* MediaDetailTableViewCell.swift */,
				315D31511BFF4EA100E08C7D /* ManualEntryTableViewCell.swift */,
				31D1A6351C16126C00AA02A8 /* SearchMovieEntryTableViewCell.swift */,
				31D1A6371C16127B00AA02A8 /* SearchMusicEntryTableViewCell.swift */,
				31E41FEA1C185F7F003976F9 /* WishListBoxTableViewCell.swift */,
				31E41FEC1C186390003976F9 /* WishListRectangleTableViewCell.swift */,
				AF833FDC1C1961F1003D6C0A /* TracksTableViewCell.swift */,
				AF833FDE1C197DD2003D6C0A /* TrackTableViewCell.swift */,
				317743781C1DAA7100C44715 /* GeneralDetailTableViewCell.swift */,
				3177437C1C1DAB1100C44715 /* ValueDetailCell.swift */,
				3177437E1C1DE3B200C44715 /* MediaRectangleTableViewCell.swift */,
			);
			name = Cells;
			sourceTree = "<group>";
		};
		AFFC51BD1BFDC31A00DA5344 /* Models */ = {
			isa = PBXGroup;
			children = (
				AF300A801C07577800BC57D9 /* Storage */,
				AF300A7D1C0737CD00BC57D9 /* Music */,
				AFADF84E1BFC76E80024D9A4 /* Media.swift */,
				AF300A771C0710E000BC57D9 /* Runtime.swift */,
				AF300A791C07151200BC57D9 /* Movie.swift */,
				31114C491C15FEC400396AA8 /* SearchAPI.swift */,
				31E41FF91C19D1BC003976F9 /* WishListItem.swift */,
			);
			name = Models;
			sourceTree = "<group>";
		};
		AFFC51BE1BFDC33600DA5344 /* Controllers */ = {
			isa = PBXGroup;
			children = (
				315797EC1C074F190007FAFC /* MovieDetailViewController.swift */,
				AFF229571BFCAFED001181AC /* MediaTableViewController.swift */,
				AFADF84C1BFC6F180024D9A4 /* MovieHomeScreenViewController.swift */,
				31749C021BFDE7B400E76648 /* SearchTableViewController.swift */,
				31749C041BFDF75600E76648 /* SearchEntryTableViewController.swift */,
				AFE9D7141BFE13EC009E5DAA /* ManualEntryTableViewController.swift */,
				318C2C321C0CB5C8008AE6C4 /* FilterTableViewController.swift */,
				AF300AAE1C15D94100BC57D9 /* MusicHomeViewController.swift */,
				AF300AB21C16FF9000BC57D9 /* MusicDetailViewController.swift */,
				31E41FE81C185A88003976F9 /* WishListTableViewController.swift */,
			);
			name = Controllers;
			sourceTree = "<group>";
		};
/* End PBXGroup section */

/* Begin PBXNativeTarget section */
		31B8421D1BF3880D005429FA /* Collector */ = {
			isa = PBXNativeTarget;
			buildConfigurationList = 31B842491BF3880E005429FA /* Build configuration list for PBXNativeTarget "Collector" */;
			buildPhases = (
				31B8421A1BF3880D005429FA /* Sources */,
				31B8421B1BF3880D005429FA /* Frameworks */,
				31B8421C1BF3880D005429FA /* Resources */,
			);
			buildRules = (
			);
			dependencies = (
			);
			name = Collector;
			productName = Collector;
			productReference = 31B8421E1BF3880D005429FA /* Collector.app */;
			productType = "com.apple.product-type.application";
		};
		31B842341BF3880E005429FA /* CollectorTests */ = {
			isa = PBXNativeTarget;
			buildConfigurationList = 31B8424C1BF3880E005429FA /* Build configuration list for PBXNativeTarget "CollectorTests" */;
			buildPhases = (
				31B842311BF3880E005429FA /* Sources */,
				31B842321BF3880E005429FA /* Frameworks */,
				31B842331BF3880E005429FA /* Resources */,
			);
			buildRules = (
			);
			dependencies = (
				31B842371BF3880E005429FA /* PBXTargetDependency */,
			);
			name = CollectorTests;
			productName = CollectorTests;
			productReference = 31B842351BF3880E005429FA /* CollectorTests.xctest */;
			productType = "com.apple.product-type.bundle.unit-test";
		};
		31B8423F1BF3880E005429FA /* CollectorUITests */ = {
			isa = PBXNativeTarget;
			buildConfigurationList = 31B8424F1BF3880E005429FA /* Build configuration list for PBXNativeTarget "CollectorUITests" */;
			buildPhases = (
				31B8423C1BF3880E005429FA /* Sources */,
				31B8423D1BF3880E005429FA /* Frameworks */,
				31B8423E1BF3880E005429FA /* Resources */,
			);
			buildRules = (
			);
			dependencies = (
				31B842421BF3880E005429FA /* PBXTargetDependency */,
			);
			name = CollectorUITests;
			productName = CollectorUITests;
			productReference = 31B842401BF3880E005429FA /* CollectorUITests.xctest */;
			productType = "com.apple.product-type.bundle.ui-testing";
		};
/* End PBXNativeTarget section */

/* Begin PBXProject section */
		31B842161BF3880D005429FA /* Project object */ = {
			isa = PBXProject;
			attributes = {
				LastSwiftUpdateCheck = 0710;
				LastUpgradeCheck = 0710;
				ORGANIZATIONNAME = "Dino Opijac";
				TargetAttributes = {
					31B8421D1BF3880D005429FA = {
						CreatedOnToolsVersion = 7.1.1;
						DevelopmentTeam = X4596FR2KN;
					};
					31B842341BF3880E005429FA = {
						CreatedOnToolsVersion = 7.1.1;
						TestTargetID = 31B8421D1BF3880D005429FA;
					};
					31B8423F1BF3880E005429FA = {
						CreatedOnToolsVersion = 7.1.1;
						TestTargetID = 31B8421D1BF3880D005429FA;
					};
				};
			};
			buildConfigurationList = 31B842191BF3880D005429FA /* Build configuration list for PBXProject "Collector" */;
			compatibilityVersion = "Xcode 3.2";
			developmentRegion = English;
			hasScannedForEncodings = 0;
			knownRegions = (
				en,
				Base,
			);
			mainGroup = 31B842151BF3880D005429FA;
			productRefGroup = 31B8421F1BF3880D005429FA /* Products */;
			projectDirPath = "";
			projectRoot = "";
			targets = (
				31B8421D1BF3880D005429FA /* Collector */,
				31B842341BF3880E005429FA /* CollectorTests */,
				31B8423F1BF3880E005429FA /* CollectorUITests */,
			);
		};
/* End PBXProject section */

/* Begin PBXResourcesBuildPhase section */
		31B8421C1BF3880D005429FA /* Resources */ = {
			isa = PBXResourcesBuildPhase;
			buildActionMask = 2147483647;
			files = (
				31B8422F1BF3880E005429FA /* LaunchScreen.storyboard in Resources */,
				31B8422C1BF3880E005429FA /* Assets.xcassets in Resources */,
				31B842271BF3880E005429FA /* Main.storyboard in Resources */,
			);
			runOnlyForDeploymentPostprocessing = 0;
		};
		31B842331BF3880E005429FA /* Resources */ = {
			isa = PBXResourcesBuildPhase;
			buildActionMask = 2147483647;
			files = (
			);
			runOnlyForDeploymentPostprocessing = 0;
		};
		31B8423E1BF3880E005429FA /* Resources */ = {
			isa = PBXResourcesBuildPhase;
			buildActionMask = 2147483647;
			files = (
			);
			runOnlyForDeploymentPostprocessing = 0;
		};
/* End PBXResourcesBuildPhase section */

/* Begin PBXSourcesBuildPhase section */
		31B8421A1BF3880D005429FA /* Sources */ = {
			isa = PBXSourcesBuildPhase;
			buildActionMask = 2147483647;
			files = (
				31114C171C15B15700396AA8 /* JSONError.swift in Sources */,
				31E41FDF1C173380003976F9 /* UICachableTableViewCell.swift in Sources */,
				AF300AA01C0C908300BC57D9 /* MovieStore.swift in Sources */,
				31B8422A1BF3880E005429FA /* Collector.xcdatamodeld in Sources */,
				315797EF1C075FC60007FAFC /* UIImageColors.swift in Sources */,
				31114C211C15B19000396AA8 /* TMDbMovieItem.swift in Sources */,
				31E41FE91C185A88003976F9 /* WishListTableViewController.swift in Sources */,
				31114C221C15B19000396AA8 /* TMDbMovieResource.swift in Sources */,
				31749C031BFDE7B400E76648 /* SearchTableViewController.swift in Sources */,
				AF300AAD1C15D11A00BC57D9 /* MusicStore.swift in Sources */,
				3177437B1C1DAAB200C44715 /* ColoredTableViewCell.swift in Sources */,
				31114C231C15B19000396AA8 /* TMDbSearchItem.swift in Sources */,
				AF300AB31C16FF9000BC57D9 /* MusicDetailViewController.swift in Sources */,
				31114C4A1C15FEC400396AA8 /* SearchAPI.swift in Sources */,
				AF300A781C0710E000BC57D9 /* Runtime.swift in Sources */,
				315797EB1C074F0B0007FAFC /* UIRatingView.swift in Sources */,
				31D1A6381C16127B00AA02A8 /* SearchMusicEntryTableViewCell.swift in Sources */,
				317743701C1DA7AB00C44715 /* UIImageView.swift in Sources */,
				317743731C1DA8EE00C44715 /* AlbumAdapter.swift in Sources */,
				AFF229581BFCAFED001181AC /* MediaTableViewController.swift in Sources */,
				AFE9D7151BFE13EC009E5DAA /* ManualEntryTableViewController.swift in Sources */,
				AF833FDD1C1961F1003D6C0A /* TracksTableViewCell.swift in Sources */,
				317743751C1DA8F900C44715 /* MovieAdapter.swift in Sources */,
				318C2C331C0CB5C8008AE6C4 /* FilterTableViewController.swift in Sources */,
				31114C471C15B1C700396AA8 /* Result.swift in Sources */,
				AFF229561BFC8CAF001181AC /* MediaCollectionViewCell.swift in Sources */,
				31114C201C15B19000396AA8 /* TMDb.swift in Sources */,
				315797EA1C074F0B0007FAFC /* UIMarqueeLabel.swift in Sources */,
				AF300AAF1C15D94100BC57D9 /* MusicHomeViewController.swift in Sources */,
				31114C4C1C15FFEE00396AA8 /* SearchAPIDelegate.swift in Sources */,
				317743791C1DAA7100C44715 /* GeneralDetailTableViewCell.swift in Sources */,
				31749C051BFDF75600E76648 /* SearchEntryTableViewController.swift in Sources */,
				AF300A7C1C07370E00BC57D9 /* Music.swift in Sources */,
				31114C3A1C15B1AF00396AA8 /* ItunesTrackItem.swift in Sources */,
				AF300AB11C16CA3D00BC57D9 /* TrackStore.swift in Sources */,
				31114C241C15B19000396AA8 /* TMDbSearchResource.swift in Sources */,
				31114C391C15B1AF00396AA8 /* ItunesSearchResource.swift in Sources */,
				AFADF84D1BFC6F180024D9A4 /* MovieHomeScreenViewController.swift in Sources */,
				3177437F1C1DE3B200C44715 /* MediaRectangleTableViewCell.swift in Sources */,
				31EA349F1BFE4E4900D7F72B /* UIPickerTextField.swift in Sources */,
				AFADF84F1BFC76E80024D9A4 /* Media.swift in Sources */,
				31114C371C15B1AF00396AA8 /* ItunesAlbumItem.swift in Sources */,
				315797E91C074F0B0007FAFC /* UIIconImageView.swift in Sources */,
				31D1A6361C16126C00AA02A8 /* SearchMovieEntryTableViewCell.swift in Sources */,
				AF300AA91C0E3D8200BC57D9 /* ViewContext.swift in Sources */,
				31B842221BF3880D005429FA /* AppDelegate.swift in Sources */,
				AF300A7F1C0737E000BC57D9 /* Track.swift in Sources */,
				31114C421C15B1C700396AA8 /* API.swift in Sources */,
				AF300AA61C0CBFA300BC57D9 /* Storage.swift in Sources */,
				31114C461C15B1C700396AA8 /* Response.swift in Sources */,
				31114C451C15B1C700396AA8 /* Request.swift in Sources */,
				31E41FED1C186390003976F9 /* WishListRectangleTableViewCell.swift in Sources */,
				31114C481C15B1C700396AA8 /* URL.swift in Sources */,
				31114C381C15B1AF00396AA8 /* ItunesAlbumResource.swift in Sources */,
				AF833FDF1C197DD2003D6C0A /* TrackTableViewCell.swift in Sources */,
				AFADF8511BFC77290024D9A4 /* MediaTableViewCell.swift in Sources */,
				3177437D1C1DAB1100C44715 /* ValueDetailCell.swift in Sources */,
				AFFC51C01BFDD03400DA5344 /* MediaDetailTableViewCell.swift in Sources */,
				31E41FFA1C19D1BC003976F9 /* WishListItem.swift in Sources */,
				315D31521BFF4EA100E08C7D /* ManualEntryTableViewCell.swift in Sources */,
				31E41FF71C19C8B1003976F9 /* TMDbConfigurationItem.swift in Sources */,
				AF300A7A1C07151200BC57D9 /* Movie.swift in Sources */,
				31114C161C15B15700396AA8 /* JSON.swift in Sources */,
				31E41FE31C1751EA003976F9 /* UITableViewCachable.swift in Sources */,
				AF833FDB1C18AE9F003D6C0A /* WishListStore.swift in Sources */,
				318C2C311C0C8F29008AE6C4 /* UIStretchableTableView.swift in Sources */,
				31E41FEB1C185F7F003976F9 /* WishListBoxTableViewCell.swift in Sources */,
				317743771C1DA90400C44715 /* KeyValueAdapter.swift in Sources */,
				31E41FF81C19C8B1003976F9 /* TMDbConfigurationResource.swift in Sources */,
				315797ED1C074F190007FAFC /* MovieDetailViewController.swift in Sources */,
				31114C431C15B1C700396AA8 /* APIResource.swift in Sources */,
				31114C361C15B1AF00396AA8 /* Itunes.swift in Sources */,
			);
			runOnlyForDeploymentPostprocessing = 0;
		};
		31B842311BF3880E005429FA /* Sources */ = {
			isa = PBXSourcesBuildPhase;
			buildActionMask = 2147483647;
			files = (
				31B8423A1BF3880E005429FA /* CollectorTests.swift in Sources */,
			);
			runOnlyForDeploymentPostprocessing = 0;
		};
		31B8423C1BF3880E005429FA /* Sources */ = {
			isa = PBXSourcesBuildPhase;
			buildActionMask = 2147483647;
			files = (
				31B842451BF3880E005429FA /* CollectorUITests.swift in Sources */,
			);
			runOnlyForDeploymentPostprocessing = 0;
		};
/* End PBXSourcesBuildPhase section */

/* Begin PBXTargetDependency section */
		31B842371BF3880E005429FA /* PBXTargetDependency */ = {
			isa = PBXTargetDependency;
			target = 31B8421D1BF3880D005429FA /* Collector */;
			targetProxy = 31B842361BF3880E005429FA /* PBXContainerItemProxy */;
		};
		31B842421BF3880E005429FA /* PBXTargetDependency */ = {
			isa = PBXTargetDependency;
			target = 31B8421D1BF3880D005429FA /* Collector */;
			targetProxy = 31B842411BF3880E005429FA /* PBXContainerItemProxy */;
		};
/* End PBXTargetDependency section */

/* Begin PBXVariantGroup section */
		31B842251BF3880E005429FA /* Main.storyboard */ = {
			isa = PBXVariantGroup;
			children = (
				31B842261BF3880E005429FA /* Base */,
			);
			name = Main.storyboard;
			sourceTree = "<group>";
		};
		31B8422D1BF3880E005429FA /* LaunchScreen.storyboard */ = {
			isa = PBXVariantGroup;
			children = (
				31B8422E1BF3880E005429FA /* Base */,
			);
			name = LaunchScreen.storyboard;
			sourceTree = "<group>";
		};
/* End PBXVariantGroup section */

/* Begin XCBuildConfiguration section */
		31B842471BF3880E005429FA /* Debug */ = {
			isa = XCBuildConfiguration;
			buildSettings = {
				ALWAYS_SEARCH_USER_PATHS = NO;
				CLANG_CXX_LANGUAGE_STANDARD = "gnu++0x";
				CLANG_CXX_LIBRARY = "libc++";
				CLANG_ENABLE_MODULES = YES;
				CLANG_ENABLE_OBJC_ARC = YES;
				CLANG_WARN_BOOL_CONVERSION = YES;
				CLANG_WARN_CONSTANT_CONVERSION = YES;
				CLANG_WARN_DIRECT_OBJC_ISA_USAGE = YES_ERROR;
				CLANG_WARN_EMPTY_BODY = YES;
				CLANG_WARN_ENUM_CONVERSION = YES;
				CLANG_WARN_INT_CONVERSION = YES;
				CLANG_WARN_OBJC_ROOT_CLASS = YES_ERROR;
				CLANG_WARN_UNREACHABLE_CODE = YES;
				CLANG_WARN__DUPLICATE_METHOD_MATCH = YES;
				"CODE_SIGN_IDENTITY[sdk=iphoneos*]" = "iPhone Developer";
				COPY_PHASE_STRIP = NO;
				DEBUG_INFORMATION_FORMAT = dwarf;
				ENABLE_STRICT_OBJC_MSGSEND = YES;
				ENABLE_TESTABILITY = YES;
				GCC_C_LANGUAGE_STANDARD = gnu99;
				GCC_DYNAMIC_NO_PIC = NO;
				GCC_NO_COMMON_BLOCKS = YES;
				GCC_OPTIMIZATION_LEVEL = 0;
				GCC_PREPROCESSOR_DEFINITIONS = (
					"DEBUG=1",
					"$(inherited)",
				);
				GCC_WARN_64_TO_32_BIT_CONVERSION = YES;
				GCC_WARN_ABOUT_RETURN_TYPE = YES_ERROR;
				GCC_WARN_UNDECLARED_SELECTOR = YES;
				GCC_WARN_UNINITIALIZED_AUTOS = YES_AGGRESSIVE;
				GCC_WARN_UNUSED_FUNCTION = YES;
				GCC_WARN_UNUSED_VARIABLE = YES;
				IPHONEOS_DEPLOYMENT_TARGET = 9.1;
				MTL_ENABLE_DEBUG_INFO = YES;
				ONLY_ACTIVE_ARCH = YES;
				SDKROOT = iphoneos;
				SWIFT_OPTIMIZATION_LEVEL = "-Onone";
				TARGETED_DEVICE_FAMILY = "1,2";
			};
			name = Debug;
		};
		31B842481BF3880E005429FA /* Release */ = {
			isa = XCBuildConfiguration;
			buildSettings = {
				ALWAYS_SEARCH_USER_PATHS = NO;
				CLANG_CXX_LANGUAGE_STANDARD = "gnu++0x";
				CLANG_CXX_LIBRARY = "libc++";
				CLANG_ENABLE_MODULES = YES;
				CLANG_ENABLE_OBJC_ARC = YES;
				CLANG_WARN_BOOL_CONVERSION = YES;
				CLANG_WARN_CONSTANT_CONVERSION = YES;
				CLANG_WARN_DIRECT_OBJC_ISA_USAGE = YES_ERROR;
				CLANG_WARN_EMPTY_BODY = YES;
				CLANG_WARN_ENUM_CONVERSION = YES;
				CLANG_WARN_INT_CONVERSION = YES;
				CLANG_WARN_OBJC_ROOT_CLASS = YES_ERROR;
				CLANG_WARN_UNREACHABLE_CODE = YES;
				CLANG_WARN__DUPLICATE_METHOD_MATCH = YES;
				"CODE_SIGN_IDENTITY[sdk=iphoneos*]" = "iPhone Developer";
				COPY_PHASE_STRIP = NO;
				DEBUG_INFORMATION_FORMAT = "dwarf-with-dsym";
				ENABLE_NS_ASSERTIONS = NO;
				ENABLE_STRICT_OBJC_MSGSEND = YES;
				GCC_C_LANGUAGE_STANDARD = gnu99;
				GCC_NO_COMMON_BLOCKS = YES;
				GCC_WARN_64_TO_32_BIT_CONVERSION = YES;
				GCC_WARN_ABOUT_RETURN_TYPE = YES_ERROR;
				GCC_WARN_UNDECLARED_SELECTOR = YES;
				GCC_WARN_UNINITIALIZED_AUTOS = YES_AGGRESSIVE;
				GCC_WARN_UNUSED_FUNCTION = YES;
				GCC_WARN_UNUSED_VARIABLE = YES;
				IPHONEOS_DEPLOYMENT_TARGET = 9.1;
				MTL_ENABLE_DEBUG_INFO = NO;
				SDKROOT = iphoneos;
				TARGETED_DEVICE_FAMILY = "1,2";
				VALIDATE_PRODUCT = YES;
			};
			name = Release;
		};
		31B8424A1BF3880E005429FA /* Debug */ = {
			isa = XCBuildConfiguration;
			buildSettings = {
				ASSETCATALOG_COMPILER_APPICON_NAME = AppIcon;
				CODE_SIGN_IDENTITY = "iPhone Developer";
				"CODE_SIGN_IDENTITY[sdk=iphoneos*]" = "iPhone Developer";
				INFOPLIST_FILE = Collector/Info.plist;
				LD_RUNPATH_SEARCH_PATHS = "$(inherited) @executable_path/Frameworks";
				PRODUCT_BUNDLE_IDENTIFIER = dv1431.Collector;
				PRODUCT_NAME = "$(TARGET_NAME)";
				PROVISIONING_PROFILE = "";
			};
			name = Debug;
		};
		31B8424B1BF3880E005429FA /* Release */ = {
			isa = XCBuildConfiguration;
			buildSettings = {
				ASSETCATALOG_COMPILER_APPICON_NAME = AppIcon;
				CODE_SIGN_IDENTITY = "iPhone Developer";
				"CODE_SIGN_IDENTITY[sdk=iphoneos*]" = "iPhone Developer";
				INFOPLIST_FILE = Collector/Info.plist;
				LD_RUNPATH_SEARCH_PATHS = "$(inherited) @executable_path/Frameworks";
				PRODUCT_BUNDLE_IDENTIFIER = dv1431.Collector;
				PRODUCT_NAME = "$(TARGET_NAME)";
				PROVISIONING_PROFILE = "";
			};
			name = Release;
		};
		31B8424D1BF3880E005429FA /* Debug */ = {
			isa = XCBuildConfiguration;
			buildSettings = {
				BUNDLE_LOADER = "$(TEST_HOST)";
				INFOPLIST_FILE = CollectorTests/Info.plist;
				LD_RUNPATH_SEARCH_PATHS = "$(inherited) @executable_path/Frameworks @loader_path/Frameworks";
				PRODUCT_BUNDLE_IDENTIFIER = dv1431.CollectorTests;
				PRODUCT_NAME = "$(TARGET_NAME)";
				TEST_HOST = "$(BUILT_PRODUCTS_DIR)/Collector.app/Collector";
			};
			name = Debug;
		};
		31B8424E1BF3880E005429FA /* Release */ = {
			isa = XCBuildConfiguration;
			buildSettings = {
				BUNDLE_LOADER = "$(TEST_HOST)";
				INFOPLIST_FILE = CollectorTests/Info.plist;
				LD_RUNPATH_SEARCH_PATHS = "$(inherited) @executable_path/Frameworks @loader_path/Frameworks";
				PRODUCT_BUNDLE_IDENTIFIER = dv1431.CollectorTests;
				PRODUCT_NAME = "$(TARGET_NAME)";
				TEST_HOST = "$(BUILT_PRODUCTS_DIR)/Collector.app/Collector";
			};
			name = Release;
		};
		31B842501BF3880E005429FA /* Debug */ = {
			isa = XCBuildConfiguration;
			buildSettings = {
				INFOPLIST_FILE = CollectorUITests/Info.plist;
				LD_RUNPATH_SEARCH_PATHS = "$(inherited) @executable_path/Frameworks @loader_path/Frameworks";
				PRODUCT_BUNDLE_IDENTIFIER = dv1431.CollectorUITests;
				PRODUCT_NAME = "$(TARGET_NAME)";
				TEST_TARGET_NAME = Collector;
				USES_XCTRUNNER = YES;
			};
			name = Debug;
		};
		31B842511BF3880E005429FA /* Release */ = {
			isa = XCBuildConfiguration;
			buildSettings = {
				INFOPLIST_FILE = CollectorUITests/Info.plist;
				LD_RUNPATH_SEARCH_PATHS = "$(inherited) @executable_path/Frameworks @loader_path/Frameworks";
				PRODUCT_BUNDLE_IDENTIFIER = dv1431.CollectorUITests;
				PRODUCT_NAME = "$(TARGET_NAME)";
				TEST_TARGET_NAME = Collector;
				USES_XCTRUNNER = YES;
			};
			name = Release;
		};
/* End XCBuildConfiguration section */

/* Begin XCConfigurationList section */
		31B842191BF3880D005429FA /* Build configuration list for PBXProject "Collector" */ = {
			isa = XCConfigurationList;
			buildConfigurations = (
				31B842471BF3880E005429FA /* Debug */,
				31B842481BF3880E005429FA /* Release */,
			);
			defaultConfigurationIsVisible = 0;
			defaultConfigurationName = Release;
		};
		31B842491BF3880E005429FA /* Build configuration list for PBXNativeTarget "Collector" */ = {
			isa = XCConfigurationList;
			buildConfigurations = (
				31B8424A1BF3880E005429FA /* Debug */,
				31B8424B1BF3880E005429FA /* Release */,
			);
			defaultConfigurationIsVisible = 0;
			defaultConfigurationName = Release;
		};
		31B8424C1BF3880E005429FA /* Build configuration list for PBXNativeTarget "CollectorTests" */ = {
			isa = XCConfigurationList;
			buildConfigurations = (
				31B8424D1BF3880E005429FA /* Debug */,
				31B8424E1BF3880E005429FA /* Release */,
			);
			defaultConfigurationIsVisible = 0;
			defaultConfigurationName = Release;
		};
		31B8424F1BF3880E005429FA /* Build configuration list for PBXNativeTarget "CollectorUITests" */ = {
			isa = XCConfigurationList;
			buildConfigurations = (
				31B842501BF3880E005429FA /* Debug */,
				31B842511BF3880E005429FA /* Release */,
			);
			defaultConfigurationIsVisible = 0;
			defaultConfigurationName = Release;
		};
/* End XCConfigurationList section */

/* Begin XCVersionGroup section */
		31B842281BF3880E005429FA /* Collector.xcdatamodeld */ = {
			isa = XCVersionGroup;
			children = (
				31B842291BF3880E005429FA /* Collector.xcdatamodel */,
			);
			currentVersion = 31B842291BF3880E005429FA /* Collector.xcdatamodel */;
			path = Collector.xcdatamodeld;
			sourceTree = "<group>";
			versionGroupType = wrapper.xcdatamodel;
		};
/* End XCVersionGroup section */
	};
	rootObject = 31B842161BF3880D005429FA /* Project object */;
}
